// !$*UTF8*$!
{
	archiveVersion = 1;
	classes = {
	};
	objectVersion = 56;
	objects = {

/* Begin PBXBuildFile section */
		99614A712A98E8A80080B09F /* TabBarViewController.swift in Sources */ = {isa = PBXBuildFile; fileRef = 99614A702A98E8A80080B09F /* TabBarViewController.swift */; };
		EC1FFA4B2A98A5C70086721F /* HomeViewController.swift in Sources */ = {isa = PBXBuildFile; fileRef = EC1FFA4A2A98A5C70086721F /* HomeViewController.swift */; };
		EC1FFA4D2A98A5E00086721F /* CardViewController.swift in Sources */ = {isa = PBXBuildFile; fileRef = EC1FFA4C2A98A5E00086721F /* CardViewController.swift */; };
		EC1FFA4F2A98A5F80086721F /* HistoryViewController.swift in Sources */ = {isa = PBXBuildFile; fileRef = EC1FFA4E2A98A5F80086721F /* HistoryViewController.swift */; };
		EC1FFA512A98A6110086721F /* ProfileViewController.swift in Sources */ = {isa = PBXBuildFile; fileRef = EC1FFA502A98A6110086721F /* ProfileViewController.swift */; };
		EC1FFA532A98A92F0086721F /* TabBar.storyboard in Resources */ = {isa = PBXBuildFile; fileRef = EC1FFA522A98A92F0086721F /* TabBar.storyboard */; };
		EC2608372AA98D5C001FC719 /* LoadToViewController.storyboard in Resources */ = {isa = PBXBuildFile; fileRef = EC2608362AA98D5C001FC719 /* LoadToViewController.storyboard */; };
		EC4319D22AA58D8000D7E562 /* ImageTableViewCell.swift in Sources */ = {isa = PBXBuildFile; fileRef = EC4319D02AA58D8000D7E562 /* ImageTableViewCell.swift */; };
		EC4319D32AA58D8000D7E562 /* ImageTableViewCell.xib in Resources */ = {isa = PBXBuildFile; fileRef = EC4319D12AA58D8000D7E562 /* ImageTableViewCell.xib */; };
		EC4319D62AA5A85200D7E562 /* BankingServicesTableViewCell.swift in Sources */ = {isa = PBXBuildFile; fileRef = EC4319D42AA5A85200D7E562 /* BankingServicesTableViewCell.swift */; };
		EC4319D72AA5A85200D7E562 /* BankingServicesTableViewCell.xib in Resources */ = {isa = PBXBuildFile; fileRef = EC4319D52AA5A85200D7E562 /* BankingServicesTableViewCell.xib */; };
		EC4319DA2AA5B99500D7E562 /* BankingServicesCollectionViewCell.swift in Sources */ = {isa = PBXBuildFile; fileRef = EC4319D82AA5B99500D7E562 /* BankingServicesCollectionViewCell.swift */; };
		EC4319DB2AA5B99500D7E562 /* BankingServicesCollectionViewCell.xib in Resources */ = {isa = PBXBuildFile; fileRef = EC4319D92AA5B99500D7E562 /* BankingServicesCollectionViewCell.xib */; };
		EC59999A2AA6F2D100EA7106 /* LoadToViewController.swift in Sources */ = {isa = PBXBuildFile; fileRef = EC5999982AA6F2D100EA7106 /* LoadToViewController.swift */; };
		EC59999D2AA6F32900EA7106 /* LoadToRouter.swift in Sources */ = {isa = PBXBuildFile; fileRef = EC59999C2AA6F32900EA7106 /* LoadToRouter.swift */; };
		EC59999F2AA6F33E00EA7106 /* LoadToModel.swift in Sources */ = {isa = PBXBuildFile; fileRef = EC59999E2AA6F33E00EA7106 /* LoadToModel.swift */; };
		EC5999A32AA6F35A00EA7106 /* LoadToInteractor.swift in Sources */ = {isa = PBXBuildFile; fileRef = EC5999A22AA6F35A00EA7106 /* LoadToInteractor.swift */; };
		EC5999A52AA6F36600EA7106 /* LoadToPresenter.swift in Sources */ = {isa = PBXBuildFile; fileRef = EC5999A42AA6F36600EA7106 /* LoadToPresenter.swift */; };
		EC73FB542AAD8CBD005F678A /* ISPPaymentTableViewCell.swift in Sources */ = {isa = PBXBuildFile; fileRef = EC73FB522AAD8CBD005F678A /* ISPPaymentTableViewCell.swift */; };
		EC73FB552AAD8CBD005F678A /* ISPPaymentTableViewCell.xib in Resources */ = {isa = PBXBuildFile; fileRef = EC73FB532AAD8CBD005F678A /* ISPPaymentTableViewCell.xib */; };
		EC7BDBDE2A9F1F9000FFD485 /* FirstTableViewCell.swift in Sources */ = {isa = PBXBuildFile; fileRef = EC7BDBDC2A9F1F9000FFD485 /* FirstTableViewCell.swift */; };
		EC7BDBDF2A9F1F9000FFD485 /* FirstTableViewCell.xib in Resources */ = {isa = PBXBuildFile; fileRef = EC7BDBDD2A9F1F9000FFD485 /* FirstTableViewCell.xib */; };
		EC7DF80E2A9DD23C00D8D26B /* iconsCollectionViewCell.xib in Resources */ = {isa = PBXBuildFile; fileRef = EC7DF80C2A9DD23B00D8D26B /* iconsCollectionViewCell.xib */; };
		EC7F747F2AAD8276005F94BA /* DigitalTransactionTableViewCell.swift in Sources */ = {isa = PBXBuildFile; fileRef = EC7F747D2AAD8276005F94BA /* DigitalTransactionTableViewCell.swift */; };
		EC7F74802AAD8276005F94BA /* DigitalTransactionTableViewCell.xib in Resources */ = {isa = PBXBuildFile; fileRef = EC7F747E2AAD8276005F94BA /* DigitalTransactionTableViewCell.xib */; };
		EC829E792A9DE225005A498A /* CollectionViewCell.swift in Sources */ = {isa = PBXBuildFile; fileRef = EC829E782A9DE225005A498A /* CollectionViewCell.swift */; };
		EC86B94A2A973FF1007052B5 /* AppDelegate.swift in Sources */ = {isa = PBXBuildFile; fileRef = EC86B9492A973FF1007052B5 /* AppDelegate.swift */; };
		EC86B94C2A973FF1007052B5 /* SceneDelegate.swift in Sources */ = {isa = PBXBuildFile; fileRef = EC86B94B2A973FF1007052B5 /* SceneDelegate.swift */; };
		EC86B94E2A973FF1007052B5 /* ViewController.swift in Sources */ = {isa = PBXBuildFile; fileRef = EC86B94D2A973FF1007052B5 /* ViewController.swift */; };
		EC86B9512A973FF1007052B5 /* Main.storyboard in Resources */ = {isa = PBXBuildFile; fileRef = EC86B94F2A973FF1007052B5 /* Main.storyboard */; };
		EC86B9532A973FF2007052B5 /* Assets.xcassets in Resources */ = {isa = PBXBuildFile; fileRef = EC86B9522A973FF2007052B5 /* Assets.xcassets */; };
		EC86B9562A973FF2007052B5 /* LaunchScreen.storyboard in Resources */ = {isa = PBXBuildFile; fileRef = EC86B9542A973FF2007052B5 /* LaunchScreen.storyboard */; };
		ECB1B8D72AA5D35700B2B9F1 /* ImageCollectionViewCell.swift in Sources */ = {isa = PBXBuildFile; fileRef = ECB1B8D52AA5D35700B2B9F1 /* ImageCollectionViewCell.swift */; };
		ECB1B8D82AA5D35700B2B9F1 /* ImageCollectionViewCell.xib in Resources */ = {isa = PBXBuildFile; fileRef = ECB1B8D62AA5D35700B2B9F1 /* ImageCollectionViewCell.xib */; };
		ECBA9DC42AA1BC4B006F1D25 /* SecondTableViewCell.swift in Sources */ = {isa = PBXBuildFile; fileRef = ECBA9DC22AA1BC4B006F1D25 /* SecondTableViewCell.swift */; };
		ECBA9DC52AA1BC4B006F1D25 /* SecondTableViewCell.xib in Resources */ = {isa = PBXBuildFile; fileRef = ECBA9DC32AA1BC4B006F1D25 /* SecondTableViewCell.xib */; };
/* End PBXBuildFile section */

/* Begin PBXFileReference section */
		99614A702A98E8A80080B09F /* TabBarViewController.swift */ = {isa = PBXFileReference; lastKnownFileType = sourcecode.swift; path = TabBarViewController.swift; sourceTree = "<group>"; };
		EC1FFA4A2A98A5C70086721F /* HomeViewController.swift */ = {isa = PBXFileReference; lastKnownFileType = sourcecode.swift; path = HomeViewController.swift; sourceTree = "<group>"; };
		EC1FFA4C2A98A5E00086721F /* CardViewController.swift */ = {isa = PBXFileReference; lastKnownFileType = sourcecode.swift; path = CardViewController.swift; sourceTree = "<group>"; };
		EC1FFA4E2A98A5F80086721F /* HistoryViewController.swift */ = {isa = PBXFileReference; lastKnownFileType = sourcecode.swift; path = HistoryViewController.swift; sourceTree = "<group>"; };
		EC1FFA502A98A6110086721F /* ProfileViewController.swift */ = {isa = PBXFileReference; lastKnownFileType = sourcecode.swift; path = ProfileViewController.swift; sourceTree = "<group>"; };
		EC1FFA522A98A92F0086721F /* TabBar.storyboard */ = {isa = PBXFileReference; lastKnownFileType = file.storyboard; path = TabBar.storyboard; sourceTree = "<group>"; };
		EC2608362AA98D5C001FC719 /* LoadToViewController.storyboard */ = {isa = PBXFileReference; lastKnownFileType = file.storyboard; path = LoadToViewController.storyboard; sourceTree = "<group>"; };
		EC4319D02AA58D8000D7E562 /* ImageTableViewCell.swift */ = {isa = PBXFileReference; lastKnownFileType = sourcecode.swift; path = ImageTableViewCell.swift; sourceTree = "<group>"; };
		EC4319D12AA58D8000D7E562 /* ImageTableViewCell.xib */ = {isa = PBXFileReference; lastKnownFileType = file.xib; path = ImageTableViewCell.xib; sourceTree = "<group>"; };
		EC4319D42AA5A85200D7E562 /* BankingServicesTableViewCell.swift */ = {isa = PBXFileReference; lastKnownFileType = sourcecode.swift; path = BankingServicesTableViewCell.swift; sourceTree = "<group>"; };
		EC4319D52AA5A85200D7E562 /* BankingServicesTableViewCell.xib */ = {isa = PBXFileReference; lastKnownFileType = file.xib; path = BankingServicesTableViewCell.xib; sourceTree = "<group>"; };
		EC4319D82AA5B99500D7E562 /* BankingServicesCollectionViewCell.swift */ = {isa = PBXFileReference; lastKnownFileType = sourcecode.swift; path = BankingServicesCollectionViewCell.swift; sourceTree = "<group>"; };
		EC4319D92AA5B99500D7E562 /* BankingServicesCollectionViewCell.xib */ = {isa = PBXFileReference; lastKnownFileType = file.xib; path = BankingServicesCollectionViewCell.xib; sourceTree = "<group>"; };
		EC5999982AA6F2D100EA7106 /* LoadToViewController.swift */ = {isa = PBXFileReference; lastKnownFileType = sourcecode.swift; path = LoadToViewController.swift; sourceTree = "<group>"; };
		EC59999C2AA6F32900EA7106 /* LoadToRouter.swift */ = {isa = PBXFileReference; lastKnownFileType = sourcecode.swift; path = LoadToRouter.swift; sourceTree = "<group>"; };
		EC59999E2AA6F33E00EA7106 /* LoadToModel.swift */ = {isa = PBXFileReference; lastKnownFileType = sourcecode.swift; path = LoadToModel.swift; sourceTree = "<group>"; };
		EC5999A22AA6F35A00EA7106 /* LoadToInteractor.swift */ = {isa = PBXFileReference; lastKnownFileType = sourcecode.swift; path = LoadToInteractor.swift; sourceTree = "<group>"; };
		EC5999A42AA6F36600EA7106 /* LoadToPresenter.swift */ = {isa = PBXFileReference; lastKnownFileType = sourcecode.swift; path = LoadToPresenter.swift; sourceTree = "<group>"; };
		EC73FB522AAD8CBD005F678A /* ISPPaymentTableViewCell.swift */ = {isa = PBXFileReference; lastKnownFileType = sourcecode.swift; path = ISPPaymentTableViewCell.swift; sourceTree = "<group>"; };
		EC73FB532AAD8CBD005F678A /* ISPPaymentTableViewCell.xib */ = {isa = PBXFileReference; lastKnownFileType = file.xib; path = ISPPaymentTableViewCell.xib; sourceTree = "<group>"; };
		EC7BDBDC2A9F1F9000FFD485 /* FirstTableViewCell.swift */ = {isa = PBXFileReference; lastKnownFileType = sourcecode.swift; path = FirstTableViewCell.swift; sourceTree = "<group>"; };
		EC7BDBDD2A9F1F9000FFD485 /* FirstTableViewCell.xib */ = {isa = PBXFileReference; lastKnownFileType = file.xib; path = FirstTableViewCell.xib; sourceTree = "<group>"; };
		EC7DF80C2A9DD23B00D8D26B /* iconsCollectionViewCell.xib */ = {isa = PBXFileReference; lastKnownFileType = file.xib; path = iconsCollectionViewCell.xib; sourceTree = "<group>"; };
		EC7F747D2AAD8276005F94BA /* DigitalTransactionTableViewCell.swift */ = {isa = PBXFileReference; lastKnownFileType = sourcecode.swift; path = DigitalTransactionTableViewCell.swift; sourceTree = "<group>"; };
		EC7F747E2AAD8276005F94BA /* DigitalTransactionTableViewCell.xib */ = {isa = PBXFileReference; lastKnownFileType = file.xib; path = DigitalTransactionTableViewCell.xib; sourceTree = "<group>"; };
		EC829E782A9DE225005A498A /* CollectionViewCell.swift */ = {isa = PBXFileReference; lastKnownFileType = sourcecode.swift; path = CollectionViewCell.swift; sourceTree = "<group>"; };
		EC86B9462A973FF1007052B5 /* Global Smart HomePage Design.app */ = {isa = PBXFileReference; explicitFileType = wrapper.application; includeInIndex = 0; path = "Global Smart HomePage Design.app"; sourceTree = BUILT_PRODUCTS_DIR; };
		EC86B9492A973FF1007052B5 /* AppDelegate.swift */ = {isa = PBXFileReference; lastKnownFileType = sourcecode.swift; path = AppDelegate.swift; sourceTree = "<group>"; };
		EC86B94B2A973FF1007052B5 /* SceneDelegate.swift */ = {isa = PBXFileReference; lastKnownFileType = sourcecode.swift; path = SceneDelegate.swift; sourceTree = "<group>"; };
		EC86B94D2A973FF1007052B5 /* ViewController.swift */ = {isa = PBXFileReference; lastKnownFileType = sourcecode.swift; path = ViewController.swift; sourceTree = "<group>"; };
		EC86B9502A973FF1007052B5 /* Base */ = {isa = PBXFileReference; lastKnownFileType = file.storyboard; name = Base; path = Base.lproj/Main.storyboard; sourceTree = "<group>"; };
		EC86B9522A973FF2007052B5 /* Assets.xcassets */ = {isa = PBXFileReference; lastKnownFileType = folder.assetcatalog; path = Assets.xcassets; sourceTree = "<group>"; };
		EC86B9552A973FF2007052B5 /* Base */ = {isa = PBXFileReference; lastKnownFileType = file.storyboard; name = Base; path = Base.lproj/LaunchScreen.storyboard; sourceTree = "<group>"; };
		EC86B9572A973FF2007052B5 /* Info.plist */ = {isa = PBXFileReference; lastKnownFileType = text.plist.xml; path = Info.plist; sourceTree = "<group>"; };
		ECB1B8D52AA5D35700B2B9F1 /* ImageCollectionViewCell.swift */ = {isa = PBXFileReference; lastKnownFileType = sourcecode.swift; path = ImageCollectionViewCell.swift; sourceTree = "<group>"; };
		ECB1B8D62AA5D35700B2B9F1 /* ImageCollectionViewCell.xib */ = {isa = PBXFileReference; lastKnownFileType = file.xib; path = ImageCollectionViewCell.xib; sourceTree = "<group>"; };
		ECBA9DC22AA1BC4B006F1D25 /* SecondTableViewCell.swift */ = {isa = PBXFileReference; lastKnownFileType = sourcecode.swift; path = SecondTableViewCell.swift; sourceTree = "<group>"; };
		ECBA9DC32AA1BC4B006F1D25 /* SecondTableViewCell.xib */ = {isa = PBXFileReference; lastKnownFileType = file.xib; path = SecondTableViewCell.xib; sourceTree = "<group>"; };
/* End PBXFileReference section */

/* Begin PBXFrameworksBuildPhase section */
		EC86B9432A973FF1007052B5 /* Frameworks */ = {
			isa = PBXFrameworksBuildPhase;
			buildActionMask = 2147483647;
			files = (
			);
			runOnlyForDeploymentPostprocessing = 0;
		};
/* End PBXFrameworksBuildPhase section */

/* Begin PBXGroup section */
		99614A6D2A98DA1B0080B09F /* Model */ = {
			isa = PBXGroup;
			children = (
			);
			path = Model;
			sourceTree = "<group>";
		};
		99614A6E2A98DA260080B09F /* View */ = {
			isa = PBXGroup;
			children = (
				EC86B94F2A973FF1007052B5 /* Main.storyboard */,
				EC1FFA522A98A92F0086721F /* TabBar.storyboard */,
				EC86B9542A973FF2007052B5 /* LaunchScreen.storyboard */,
			);
			path = View;
			sourceTree = "<group>";
		};
		99614A6F2A98DA310080B09F /* Controller */ = {
			isa = PBXGroup;
			children = (
				EC86B94D2A973FF1007052B5 /* ViewController.swift */,
				99614A702A98E8A80080B09F /* TabBarViewController.swift */,
				EC1FFA502A98A6110086721F /* ProfileViewController.swift */,
				EC1FFA4E2A98A5F80086721F /* HistoryViewController.swift */,
				EC1FFA4C2A98A5E00086721F /* CardViewController.swift */,
				EC1FFA4A2A98A5C70086721F /* HomeViewController.swift */,
			);
			path = Controller;
			sourceTree = "<group>";
		};
		EC0112EE2AA486760010DA42 /* Table Cell */ = {
			isa = PBXGroup;
			children = (
				EC7BDBDC2A9F1F9000FFD485 /* FirstTableViewCell.swift */,
				EC7BDBDD2A9F1F9000FFD485 /* FirstTableViewCell.xib */,
				ECBA9DC22AA1BC4B006F1D25 /* SecondTableViewCell.swift */,
				ECBA9DC32AA1BC4B006F1D25 /* SecondTableViewCell.xib */,
				EC4319D02AA58D8000D7E562 /* ImageTableViewCell.swift */,
				EC4319D12AA58D8000D7E562 /* ImageTableViewCell.xib */,
				EC4319D42AA5A85200D7E562 /* BankingServicesTableViewCell.swift */,
				EC4319D52AA5A85200D7E562 /* BankingServicesTableViewCell.xib */,
				EC7F747D2AAD8276005F94BA /* DigitalTransactionTableViewCell.swift */,
				EC7F747E2AAD8276005F94BA /* DigitalTransactionTableViewCell.xib */,
				EC73FB522AAD8CBD005F678A /* ISPPaymentTableViewCell.swift */,
				EC73FB532AAD8CBD005F678A /* ISPPaymentTableViewCell.xib */,
			);
			path = "Table Cell";
			sourceTree = "<group>";
		};
		EC0112EF2AA486930010DA42 /* Collection Cell */ = {
			isa = PBXGroup;
			children = (
				EC829E782A9DE225005A498A /* CollectionViewCell.swift */,
				EC7DF80C2A9DD23B00D8D26B /* iconsCollectionViewCell.xib */,
				EC4319D82AA5B99500D7E562 /* BankingServicesCollectionViewCell.swift */,
				EC4319D92AA5B99500D7E562 /* BankingServicesCollectionViewCell.xib */,
				ECB1B8D52AA5D35700B2B9F1 /* ImageCollectionViewCell.swift */,
				ECB1B8D62AA5D35700B2B9F1 /* ImageCollectionViewCell.xib */,
			);
			path = "Collection Cell";
			sourceTree = "<group>";
		};
		EC5999952AA6F1FB00EA7106 /* Modules */ = {
			isa = PBXGroup;
			children = (
				EC5999962AA6F21400EA7106 /* Bill Payment */,
			);
			path = Modules;
			sourceTree = "<group>";
		};
		EC5999962AA6F21400EA7106 /* Bill Payment */ = {
			isa = PBXGroup;
			children = (
				EC5999982AA6F2D100EA7106 /* LoadToViewController.swift */,
				EC59999C2AA6F32900EA7106 /* LoadToRouter.swift */,
				EC59999E2AA6F33E00EA7106 /* LoadToModel.swift */,
				EC5999A22AA6F35A00EA7106 /* LoadToInteractor.swift */,
				EC5999A42AA6F36600EA7106 /* LoadToPresenter.swift */,
				EC2608362AA98D5C001FC719 /* LoadToViewController.storyboard */,
			);
			path = "Bill Payment";
			sourceTree = "<group>";
		};
		EC86B93D2A973FF1007052B5 = {
			isa = PBXGroup;
			children = (
				EC86B9482A973FF1007052B5 /* Global Smart HomePage Design */,
				EC86B9472A973FF1007052B5 /* Products */,
			);
			sourceTree = "<group>";
		};
		EC86B9472A973FF1007052B5 /* Products */ = {
			isa = PBXGroup;
			children = (
				EC86B9462A973FF1007052B5 /* Global Smart HomePage Design.app */,
			);
			name = Products;
			sourceTree = "<group>";
		};
		EC86B9482A973FF1007052B5 /* Global Smart HomePage Design */ = {
			isa = PBXGroup;
			children = (
				EC5999952AA6F1FB00EA7106 /* Modules */,
				EC0112EF2AA486930010DA42 /* Collection Cell */,
				EC0112EE2AA486760010DA42 /* Table Cell */,
				99614A6D2A98DA1B0080B09F /* Model */,
				99614A6E2A98DA260080B09F /* View */,
				99614A6F2A98DA310080B09F /* Controller */,
				EC86B9492A973FF1007052B5 /* AppDelegate.swift */,
				EC86B94B2A973FF1007052B5 /* SceneDelegate.swift */,
				EC86B9522A973FF2007052B5 /* Assets.xcassets */,
				EC86B9572A973FF2007052B5 /* Info.plist */,
			);
			path = "Global Smart HomePage Design";
			sourceTree = "<group>";
		};
/* End PBXGroup section */

/* Begin PBXNativeTarget section */
		EC86B9452A973FF1007052B5 /* Global Smart HomePage Design */ = {
			isa = PBXNativeTarget;
			buildConfigurationList = EC86B95A2A973FF2007052B5 /* Build configuration list for PBXNativeTarget "Global Smart HomePage Design" */;
			buildPhases = (
				EC86B9422A973FF1007052B5 /* Sources */,
				EC86B9432A973FF1007052B5 /* Frameworks */,
				EC86B9442A973FF1007052B5 /* Resources */,
			);
			buildRules = (
			);
			dependencies = (
			);
			name = "Global Smart HomePage Design";
			productName = "Global Smart HomePage Design";
			productReference = EC86B9462A973FF1007052B5 /* Global Smart HomePage Design.app */;
			productType = "com.apple.product-type.application";
		};
/* End PBXNativeTarget section */

/* Begin PBXProject section */
		EC86B93E2A973FF1007052B5 /* Project object */ = {
			isa = PBXProject;
			attributes = {
				BuildIndependentTargetsInParallel = 1;
				LastSwiftUpdateCheck = 1410;
				LastUpgradeCheck = 1410;
				TargetAttributes = {
					EC86B9452A973FF1007052B5 = {
						CreatedOnToolsVersion = 14.1;
					};
				};
			};
			buildConfigurationList = EC86B9412A973FF1007052B5 /* Build configuration list for PBXProject "Global Smart HomePage Design" */;
			compatibilityVersion = "Xcode 14.0";
			developmentRegion = en;
			hasScannedForEncodings = 0;
			knownRegions = (
				en,
				Base,
			);
			mainGroup = EC86B93D2A973FF1007052B5;
			productRefGroup = EC86B9472A973FF1007052B5 /* Products */;
			projectDirPath = "";
			projectRoot = "";
			targets = (
				EC86B9452A973FF1007052B5 /* Global Smart HomePage Design */,
			);
		};
/* End PBXProject section */

/* Begin PBXResourcesBuildPhase section */
		EC86B9442A973FF1007052B5 /* Resources */ = {
			isa = PBXResourcesBuildPhase;
			buildActionMask = 2147483647;
			files = (
				EC86B9562A973FF2007052B5 /* LaunchScreen.storyboard in Resources */,
				EC7F74802AAD8276005F94BA /* DigitalTransactionTableViewCell.xib in Resources */,
				EC4319DB2AA5B99500D7E562 /* BankingServicesCollectionViewCell.xib in Resources */,
				ECB1B8D82AA5D35700B2B9F1 /* ImageCollectionViewCell.xib in Resources */,
				EC7BDBDF2A9F1F9000FFD485 /* FirstTableViewCell.xib in Resources */,
				EC73FB552AAD8CBD005F678A /* ISPPaymentTableViewCell.xib in Resources */,
				EC1FFA532A98A92F0086721F /* TabBar.storyboard in Resources */,
				EC86B9532A973FF2007052B5 /* Assets.xcassets in Resources */,
				ECBA9DC52AA1BC4B006F1D25 /* SecondTableViewCell.xib in Resources */,
				EC4319D72AA5A85200D7E562 /* BankingServicesTableViewCell.xib in Resources */,
				EC2608372AA98D5C001FC719 /* LoadToViewController.storyboard in Resources */,
				EC4319D32AA58D8000D7E562 /* ImageTableViewCell.xib in Resources */,
				EC86B9512A973FF1007052B5 /* Main.storyboard in Resources */,
				EC7DF80E2A9DD23C00D8D26B /* iconsCollectionViewCell.xib in Resources */,
			);
			runOnlyForDeploymentPostprocessing = 0;
		};
/* End PBXResourcesBuildPhase section */

/* Begin PBXSourcesBuildPhase section */
		EC86B9422A973FF1007052B5 /* Sources */ = {
			isa = PBXSourcesBuildPhase;
			buildActionMask = 2147483647;
			files = (
				99614A712A98E8A80080B09F /* TabBarViewController.swift in Sources */,
				EC59999D2AA6F32900EA7106 /* LoadToRouter.swift in Sources */,
				EC7F747F2AAD8276005F94BA /* DigitalTransactionTableViewCell.swift in Sources */,
				EC4319DA2AA5B99500D7E562 /* BankingServicesCollectionViewCell.swift in Sources */,
				EC5999A52AA6F36600EA7106 /* LoadToPresenter.swift in Sources */,
				EC1FFA4B2A98A5C70086721F /* HomeViewController.swift in Sources */,
				EC1FFA4D2A98A5E00086721F /* CardViewController.swift in Sources */,
				EC86B94E2A973FF1007052B5 /* ViewController.swift in Sources */,
				EC7BDBDE2A9F1F9000FFD485 /* FirstTableViewCell.swift in Sources */,
				ECB1B8D72AA5D35700B2B9F1 /* ImageCollectionViewCell.swift in Sources */,
				EC59999F2AA6F33E00EA7106 /* LoadToModel.swift in Sources */,
				EC59999A2AA6F2D100EA7106 /* LoadToViewController.swift in Sources */,
				EC86B94A2A973FF1007052B5 /* AppDelegate.swift in Sources */,
				EC1FFA4F2A98A5F80086721F /* HistoryViewController.swift in Sources */,
				EC1FFA512A98A6110086721F /* ProfileViewController.swift in Sources */,
				EC86B94C2A973FF1007052B5 /* SceneDelegate.swift in Sources */,
				EC4319D22AA58D8000D7E562 /* ImageTableViewCell.swift in Sources */,
				EC829E792A9DE225005A498A /* CollectionViewCell.swift in Sources */,
				EC5999A32AA6F35A00EA7106 /* LoadToInteractor.swift in Sources */,
				ECBA9DC42AA1BC4B006F1D25 /* SecondTableViewCell.swift in Sources */,
				EC4319D62AA5A85200D7E562 /* BankingServicesTableViewCell.swift in Sources */,
				EC73FB542AAD8CBD005F678A /* ISPPaymentTableViewCell.swift in Sources */,
			);
			runOnlyForDeploymentPostprocessing = 0;
		};
/* End PBXSourcesBuildPhase section */

/* Begin PBXVariantGroup section */
		EC86B94F2A973FF1007052B5 /* Main.storyboard */ = {
			isa = PBXVariantGroup;
			children = (
				EC86B9502A973FF1007052B5 /* Base */,
			);
			name = Main.storyboard;
			sourceTree = "<group>";
		};
		EC86B9542A973FF2007052B5 /* LaunchScreen.storyboard */ = {
			isa = PBXVariantGroup;
			children = (
				EC86B9552A973FF2007052B5 /* Base */,
			);
			name = LaunchScreen.storyboard;
			sourceTree = "<group>";
		};
/* End PBXVariantGroup section */

/* Begin XCBuildConfiguration section */
		EC86B9582A973FF2007052B5 /* Debug */ = {
			isa = XCBuildConfiguration;
			buildSettings = {
				ALWAYS_SEARCH_USER_PATHS = NO;
				CLANG_ANALYZER_NONNULL = YES;
				CLANG_ANALYZER_NUMBER_OBJECT_CONVERSION = YES_AGGRESSIVE;
				CLANG_CXX_LANGUAGE_STANDARD = "gnu++20";
				CLANG_ENABLE_MODULES = YES;
				CLANG_ENABLE_OBJC_ARC = YES;
				CLANG_ENABLE_OBJC_WEAK = YES;
				CLANG_WARN_BLOCK_CAPTURE_AUTORELEASING = YES;
				CLANG_WARN_BOOL_CONVERSION = YES;
				CLANG_WARN_COMMA = YES;
				CLANG_WARN_CONSTANT_CONVERSION = YES;
				CLANG_WARN_DEPRECATED_OBJC_IMPLEMENTATIONS = YES;
				CLANG_WARN_DIRECT_OBJC_ISA_USAGE = YES_ERROR;
				CLANG_WARN_DOCUMENTATION_COMMENTS = YES;
				CLANG_WARN_EMPTY_BODY = YES;
				CLANG_WARN_ENUM_CONVERSION = YES;
				CLANG_WARN_INFINITE_RECURSION = YES;
				CLANG_WARN_INT_CONVERSION = YES;
				CLANG_WARN_NON_LITERAL_NULL_CONVERSION = YES;
				CLANG_WARN_OBJC_IMPLICIT_RETAIN_SELF = YES;
				CLANG_WARN_OBJC_LITERAL_CONVERSION = YES;
				CLANG_WARN_OBJC_ROOT_CLASS = YES_ERROR;
				CLANG_WARN_QUOTED_INCLUDE_IN_FRAMEWORK_HEADER = YES;
				CLANG_WARN_RANGE_LOOP_ANALYSIS = YES;
				CLANG_WARN_STRICT_PROTOTYPES = YES;
				CLANG_WARN_SUSPICIOUS_MOVE = YES;
				CLANG_WARN_UNGUARDED_AVAILABILITY = YES_AGGRESSIVE;
				CLANG_WARN_UNREACHABLE_CODE = YES;
				CLANG_WARN__DUPLICATE_METHOD_MATCH = YES;
				COPY_PHASE_STRIP = NO;
				DEBUG_INFORMATION_FORMAT = dwarf;
				ENABLE_STRICT_OBJC_MSGSEND = YES;
				ENABLE_TESTABILITY = YES;
				GCC_C_LANGUAGE_STANDARD = gnu11;
				GCC_DYNAMIC_NO_PIC = NO;
				GCC_NO_COMMON_BLOCKS = YES;
				GCC_OPTIMIZATION_LEVEL = 0;
				GCC_PREPROCESSOR_DEFINITIONS = (
					"DEBUG=1",
					"$(inherited)",
				);
				GCC_WARN_64_TO_32_BIT_CONVERSION = YES;
				GCC_WARN_ABOUT_RETURN_TYPE = YES_ERROR;
				GCC_WARN_UNDECLARED_SELECTOR = YES;
				GCC_WARN_UNINITIALIZED_AUTOS = YES_AGGRESSIVE;
				GCC_WARN_UNUSED_FUNCTION = YES;
				GCC_WARN_UNUSED_VARIABLE = YES;
				IPHONEOS_DEPLOYMENT_TARGET = 16.1;
				MTL_ENABLE_DEBUG_INFO = INCLUDE_SOURCE;
				MTL_FAST_MATH = YES;
				ONLY_ACTIVE_ARCH = YES;
				SDKROOT = iphoneos;
				SWIFT_ACTIVE_COMPILATION_CONDITIONS = DEBUG;
				SWIFT_OPTIMIZATION_LEVEL = "-Onone";
			};
			name = Debug;
		};
		EC86B9592A973FF2007052B5 /* Release */ = {
			isa = XCBuildConfiguration;
			buildSettings = {
				ALWAYS_SEARCH_USER_PATHS = NO;
				CLANG_ANALYZER_NONNULL = YES;
				CLANG_ANALYZER_NUMBER_OBJECT_CONVERSION = YES_AGGRESSIVE;
				CLANG_CXX_LANGUAGE_STANDARD = "gnu++20";
				CLANG_ENABLE_MODULES = YES;
				CLANG_ENABLE_OBJC_ARC = YES;
				CLANG_ENABLE_OBJC_WEAK = YES;
				CLANG_WARN_BLOCK_CAPTURE_AUTORELEASING = YES;
				CLANG_WARN_BOOL_CONVERSION = YES;
				CLANG_WARN_COMMA = YES;
				CLANG_WARN_CONSTANT_CONVERSION = YES;
				CLANG_WARN_DEPRECATED_OBJC_IMPLEMENTATIONS = YES;
				CLANG_WARN_DIRECT_OBJC_ISA_USAGE = YES_ERROR;
				CLANG_WARN_DOCUMENTATION_COMMENTS = YES;
				CLANG_WARN_EMPTY_BODY = YES;
				CLANG_WARN_ENUM_CONVERSION = YES;
				CLANG_WARN_INFINITE_RECURSION = YES;
				CLANG_WARN_INT_CONVERSION = YES;
				CLANG_WARN_NON_LITERAL_NULL_CONVERSION = YES;
				CLANG_WARN_OBJC_IMPLICIT_RETAIN_SELF = YES;
				CLANG_WARN_OBJC_LITERAL_CONVERSION = YES;
				CLANG_WARN_OBJC_ROOT_CLASS = YES_ERROR;
				CLANG_WARN_QUOTED_INCLUDE_IN_FRAMEWORK_HEADER = YES;
				CLANG_WARN_RANGE_LOOP_ANALYSIS = YES;
				CLANG_WARN_STRICT_PROTOTYPES = YES;
				CLANG_WARN_SUSPICIOUS_MOVE = YES;
				CLANG_WARN_UNGUARDED_AVAILABILITY = YES_AGGRESSIVE;
				CLANG_WARN_UNREACHABLE_CODE = YES;
				CLANG_WARN__DUPLICATE_METHOD_MATCH = YES;
				COPY_PHASE_STRIP = NO;
				DEBUG_INFORMATION_FORMAT = "dwarf-with-dsym";
				ENABLE_NS_ASSERTIONS = NO;
				ENABLE_STRICT_OBJC_MSGSEND = YES;
				GCC_C_LANGUAGE_STANDARD = gnu11;
				GCC_NO_COMMON_BLOCKS = YES;
				GCC_WARN_64_TO_32_BIT_CONVERSION = YES;
				GCC_WARN_ABOUT_RETURN_TYPE = YES_ERROR;
				GCC_WARN_UNDECLARED_SELECTOR = YES;
				GCC_WARN_UNINITIALIZED_AUTOS = YES_AGGRESSIVE;
				GCC_WARN_UNUSED_FUNCTION = YES;
				GCC_WARN_UNUSED_VARIABLE = YES;
				IPHONEOS_DEPLOYMENT_TARGET = 16.1;
				MTL_ENABLE_DEBUG_INFO = NO;
				MTL_FAST_MATH = YES;
				SDKROOT = iphoneos;
				SWIFT_COMPILATION_MODE = wholemodule;
				SWIFT_OPTIMIZATION_LEVEL = "-O";
				VALIDATE_PRODUCT = YES;
			};
			name = Release;
		};
		EC86B95B2A973FF2007052B5 /* Debug */ = {
			isa = XCBuildConfiguration;
			buildSettings = {
				ASSETCATALOG_COMPILER_APPICON_NAME = AppIcon;
				ASSETCATALOG_COMPILER_GLOBAL_ACCENT_COLOR_NAME = AccentColor;
				CODE_SIGN_STYLE = Automatic;
				CURRENT_PROJECT_VERSION = 1;
				GENERATE_INFOPLIST_FILE = YES;
				INFOPLIST_FILE = "Global Smart HomePage Design/Info.plist";
				INFOPLIST_KEY_UIApplicationSupportsIndirectInputEvents = YES;
				INFOPLIST_KEY_UILaunchStoryboardName = LaunchScreen;
				INFOPLIST_KEY_UIMainStoryboardFile = Main;
				INFOPLIST_KEY_UISupportedInterfaceOrientations_iPad = "UIInterfaceOrientationPortrait UIInterfaceOrientationPortraitUpsideDown UIInterfaceOrientationLandscapeLeft UIInterfaceOrientationLandscapeRight";
				INFOPLIST_KEY_UISupportedInterfaceOrientations_iPhone = "UIInterfaceOrientationPortrait UIInterfaceOrientationLandscapeLeft UIInterfaceOrientationLandscapeRight";
				LD_RUNPATH_SEARCH_PATHS = (
					"$(inherited)",
					"@executable_path/Frameworks",
				);
				MARKETING_VERSION = 1.0;
				PRODUCT_BUNDLE_IDENTIFIER = "com.FirstProject.Global-Smart-HomePage-Design";
				PRODUCT_NAME = "$(TARGET_NAME)";
				SWIFT_EMIT_LOC_STRINGS = YES;
				SWIFT_VERSION = 5.0;
				TARGETED_DEVICE_FAMILY = "1,2";
			};
			name = Debug;
		};
		EC86B95C2A973FF2007052B5 /* Release */ = {
			isa = XCBuildConfiguration;
			buildSettings = {
				ASSETCATALOG_COMPILER_APPICON_NAME = AppIcon;
				ASSETCATALOG_COMPILER_GLOBAL_ACCENT_COLOR_NAME = AccentColor;
				CODE_SIGN_STYLE = Automatic;
				CURRENT_PROJECT_VERSION = 1;
				GENERATE_INFOPLIST_FILE = YES;
				INFOPLIST_FILE = "Global Smart HomePage Design/Info.plist";
				INFOPLIST_KEY_UIApplicationSupportsIndirectInputEvents = YES;
				INFOPLIST_KEY_UILaunchStoryboardName = LaunchScreen;
				INFOPLIST_KEY_UIMainStoryboardFile = Main;
				INFOPLIST_KEY_UISupportedInterfaceOrientations_iPad = "UIInterfaceOrientationPortrait UIInterfaceOrientationPortraitUpsideDown UIInterfaceOrientationLandscapeLeft UIInterfaceOrientationLandscapeRight";
				INFOPLIST_KEY_UISupportedInterfaceOrientations_iPhone = "UIInterfaceOrientationPortrait UIInterfaceOrientationLandscapeLeft UIInterfaceOrientationLandscapeRight";
				LD_RUNPATH_SEARCH_PATHS = (
					"$(inherited)",
					"@executable_path/Frameworks",
				);
				MARKETING_VERSION = 1.0;
				PRODUCT_BUNDLE_IDENTIFIER = "com.FirstProject.Global-Smart-HomePage-Design";
				PRODUCT_NAME = "$(TARGET_NAME)";
				SWIFT_EMIT_LOC_STRINGS = YES;
				SWIFT_VERSION = 5.0;
				TARGETED_DEVICE_FAMILY = "1,2";
			};
			name = Release;
		};
/* End XCBuildConfiguration section */

/* Begin XCConfigurationList section */
		EC86B9412A973FF1007052B5 /* Build configuration list for PBXProject "Global Smart HomePage Design" */ = {
			isa = XCConfigurationList;
			buildConfigurations = (
				EC86B9582A973FF2007052B5 /* Debug */,
				EC86B9592A973FF2007052B5 /* Release */,
			);
			defaultConfigurationIsVisible = 0;
			defaultConfigurationName = Release;
		};
		EC86B95A2A973FF2007052B5 /* Build configuration list for PBXNativeTarget "Global Smart HomePage Design" */ = {
			isa = XCConfigurationList;
			buildConfigurations = (
				EC86B95B2A973FF2007052B5 /* Debug */,
				EC86B95C2A973FF2007052B5 /* Release */,
			);
			defaultConfigurationIsVisible = 0;
			defaultConfigurationName = Release;
		};
/* End XCConfigurationList section */
	};
	rootObject = EC86B93E2A973FF1007052B5 /* Project object */;
}
